github.com/coder/websocket v1.8.14 h1:9L0p0iKiNOibykf283eHkKUHHrpG7f65OE3BhhO7v9g=
github.com/coder/websocket v1.8.14/go.mod h1:NX3SzP+inril6yawo5CQXx8+fk145lPDC6pumgx0mVg=
github.com/davecgh/go-spew v1.1.1 h1:vj9j/u1bqnvCEfJOwUhtlOARqs3+rkHYY13jYWTU97c=
github.com/davecgh/go-spew v1.1.1/go.mod h1:J7Y8YcW2NihsgmVo/mv3lAwl/skON4iLHjSsI+c5H38=
github.com/golang-jwt/jwt/v5 v5.3.1 h1:kYf81DTWFe7t+1VvL7eS+jKFVWaUnK9cB1qbwn63YCY=
github.com/golang-jwt/jwt/v5 v5.3.1/go.mod h1:fxCRLWMO43lRc8nhHWY6LGqRcf+1gQWArsqaEUEa5bE=
github.com/jcalabro/gt v0.0.11 h1:VjXWBrMvurwVpSNOSNXjLkxbv82/QmGRApQu9Vx6nB4=
github.com/jcalabro/gt v0.0.11/go.mod h1:3qTs2C49vvNGCq539/uPZhiQc8h1XnfdNCBu1B2ZC+Q=
github.com/klauspost/compress v1.18.4 h1:RPhnKRAQ4Fh8zU2FY/6ZFDwTVTxgJ/EMydqSTzE9a2c=
github.com/klauspost/compress v1.18.4/go.mod h1:R0h/fSBs8DE4ENlcrlib3PsXS61voFxhIs2DeRhCvJ4=
github.com/mr-tron/base58 v1.2.0 h1:T/HDJBh4ZCPbU39/+c3rRvE0uKBQlU27+QI8LJ4t64o=
github.com/mr-tron/base58 v1.2.0/go.mod h1:BinMc/sQntlIE1frQmRFPUoPA1Zkr8VRgBdjWI2mNwc=
github.com/pmezard/go-difflib v1.0.0 h1:4DBwDE0NGyQoBHbLQYPwSUPoCMWR5BEzIk/f1lZbAQM=
github.com/pmezard/go-difflib v1.0.0/go.mod h1:iKH77koFhYxTK1pcRnkKkqfTogsbg7gZNVY4sRDYZ/4=
github.com/rivo/uniseg v0.4.7 h1:WUdvkW8uEhrYfLC4ZzdpI2ztxP1I582+49Oc5Mq64VQ=
github.com/rivo/uniseg v0.4.7/go.mod h1:FN3SvrM+Zdj16jyLfmOkMNblXMcoc8DfTHruCPUcx88=
github.com/stretchr/testify v1.11.1 h1:7s2iGBzp5EwR7/aIZr8ao5+dra3wiQyKjjFuvgVKu7U=
github.com/stretchr/testify v1.11.1/go.mod h1:wZwfW3scLgRK+23gO65QZefKpKQRnfz6sD981Nm4B6U=
gitlab.com/yawning/secp256k1-voi v0.0.0-20230925100816-f2616030848b h1:CzigHMRySiX3drau9C6Q5CAbNIApmLdat5jPMqChvDA=
gitlab.com/yawning/secp256k1-voi v0.0.0-20230925100816-f2616030848b/go.mod h1:/y/V339mxv2sZmYYR64O07VuCpdNZqCTwO8ZcouTMI8=
gitlab.com/yawning/tuplehash v0.0.0-20230713102510-df83abbf9a02 h1:qwDnMxjkyLmAFgcfgTnfJrmYKWhHnci3GjDqcZp1M3Q=
gitlab.com/yawning/tuplehash v0.0.0-20230713102510-df83abbf9a02/go.mod h1:JTnUj0mpYiAsuZLmKjTx/ex3AtMowcCgnE7YNyCEP0I=
golang.org/x/crypto v0.11.0 h1:6Ewdq3tDic1mg5xRO4milcWCfMVQhI4NkqWWvqejpuA=
golang.org/x/crypto v0.11.0/go.mod h1:xgJhtzW8F9jGdVFWZESrid1U1bjeNy4zgy5cRr/CIio=
golang.org/x/sys v0.10.0 h1:SqMFp9UcQJZa+pmYuAKjd9xq1f0j5rLcDIk0mj4qAsA=
golang.org/x/sys v0.10.0/go.mod h1:oPkhp1MJrh7nUepCBck5+mAzfO9JrbApNNgaTdGDITg=
gopkg.in/check.v1 v0.0.0-20161208181325-20d25e280405 h1:yhCVgyC4o1eVCa2tZl7eS0r+SDo693bJlVdllGtEeKM=
gopkg.in/check.v1 v0.0.0-20161208181325-20d25e280405/go.mod h1:Co6ibVJAznAaIkqp8huTwlJQCZ016jof/cbN4VW5Yz0=
gopkg.in/yaml.v3 v3.0.1 h1:fxVm/GzAzEWqLHuvctI91KS9hhNmmWOoWu0XTYJS7CA=
gopkg.in/yaml.v3 v3.0.1/go.mod h1:K4uyk7z7BCEPqu6E+C64Yfv1cQ7kz7rIZviUmN+EgEM=
